
Microsoft Visual Studio Solution File, Format Version 12.00
# Visual Studio Version 16
VisualStudioVersion = 16.0.32126.315
MinimumVisualStudioVersion = 10.0.40219.1
Project("{9A19103F-16F7-4668-BE54-9A1E7A4F7556}") = "BecomeSifu", "BecomeSifu.csproj", "{7710FEDF-EC1D-48B8-A50D-11951D55FF5D}"
EndProject
Project("{930C7802-8A8C-48F9-8165-68863BCCD9DD}") = "BecomeSifuSetup", "..\BecomeSifuSetup\BecomeSifuSetup.wixproj", "{0BFF9F23-7354-41C0-AB69-17C1107EEA0C}"
EndProject
Project("{930C7802-8A8C-48F9-8165-68863BCCD9DD}") = "BecomeSifuInstall", "..\BecomeSifuInstall\BecomeSifuInstall.wixproj", "{4D53A3FA-52CF-464F-81E0-A11A94FFAE83}"
	ProjectSection(ProjectDependencies) = postProject
		{0BFF9F23-7354-41C0-AB69-17C1107EEA0C} = {0BFF9F23-7354-41C0-AB69-17C1107EEA0C}
	EndProjectSection
EndProject
Project("{FAE04EC0-301F-11D3-BF4B-00C04F79EFBC}") = "BecomeSifuXamarin.Android", "..\BecomeSifuXamarin\BecomeSifuXamarin.Android\BecomeSifuXamarin.Android.csproj", "{08D833C4-2323-4C8E-AEE9-CABD8FAD9242}"
EndProject
Project("{FAE04EC0-301F-11D3-BF4B-00C04F79EFBC}") = "BecomeSifuXamarin.iOS", "..\BecomeSifuXamarin\BecomeSifuXamarin.iOS\BecomeSifuXamarin.iOS.csproj", "{67A31C90-9840-47DE-8F03-C5632FDFD4C8}"
EndProject
Project("{FAE04EC0-301F-11D3-BF4B-00C04F79EFBC}") = "BecomeSifuXamarin", "..\BecomeSifuXamarin\BecomeSifuXamarin\BecomeSifuXamarin.csproj", "{72AB166E-2DB2-40F3-9982-20962E062B94}"
EndProject
Global
	GlobalSection(SolutionConfigurationPlatforms) = preSolution
		All|Any CPU = All|Any CPU
		All|iPhone = All|iPhone
		All|iPhoneSimulator = All|iPhoneSimulator
		All|x86 = All|x86
		Debug|Any CPU = Debug|Any CPU
		Debug|iPhone = Debug|iPhone
		Debug|iPhoneSimulator = Debug|iPhoneSimulator
		Debug|x86 = Debug|x86
		DefaultBuild|Any CPU = DefaultBuild|Any CPU
		DefaultBuild|iPhone = DefaultBuild|iPhone
		DefaultBuild|iPhoneSimulator = DefaultBuild|iPhoneSimulator
		DefaultBuild|x86 = DefaultBuild|x86
		Release|Any CPU = Release|Any CPU
		Release|iPhone = Release|iPhone
		Release|iPhoneSimulator = Release|iPhoneSimulator
		Release|x86 = Release|x86
	EndGlobalSection
	GlobalSection(ProjectConfigurationPlatforms) = postSolution
		{7710FEDF-EC1D-48B8-A50D-11951D55FF5D}.All|Any CPU.ActiveCfg = Release|Any CPU
		{7710FEDF-EC1D-48B8-A50D-11951D55FF5D}.All|Any CPU.Build.0 = Release|Any CPU
		{7710FEDF-EC1D-48B8-A50D-11951D55FF5D}.All|iPhone.ActiveCfg = Debug|Any CPU
		{7710FEDF-EC1D-48B8-A50D-11951D55FF5D}.All|iPhone.Build.0 = Debug|Any CPU
		{7710FEDF-EC1D-48B8-A50D-11951D55FF5D}.All|iPhoneSimulator.ActiveCfg = Debug|Any CPU
		{7710FEDF-EC1D-48B8-A50D-11951D55FF5D}.All|iPhoneSimulator.Build.0 = Debug|Any CPU
		{7710FEDF-EC1D-48B8-A50D-11951D55FF5D}.All|x86.ActiveCfg = Debug|Any CPU
		{7710FEDF-EC1D-48B8-A50D-11951D55FF5D}.All|x86.Build.0 = Debug|Any CPU
		{7710FEDF-EC1D-48B8-A50D-11951D55FF5D}.Debug|Any CPU.ActiveCfg = Debug|Any CPU
		{7710FEDF-EC1D-48B8-A50D-11951D55FF5D}.Debug|Any CPU.Build.0 = Debug|Any CPU
		{7710FEDF-EC1D-48B8-A50D-11951D55FF5D}.Debug|iPhone.ActiveCfg = Debug|Any CPU
		{7710FEDF-EC1D-48B8-A50D-11951D55FF5D}.Debug|iPhone.Build.0 = Debug|Any CPU
		{7710FEDF-EC1D-48B8-A50D-11951D55FF5D}.Debug|iPhoneSimulator.ActiveCfg = Debug|Any CPU
		{7710FEDF-EC1D-48B8-A50D-11951D55FF5D}.Debug|iPhoneSimulator.Build.0 = Debug|Any CPU
		{7710FEDF-EC1D-48B8-A50D-11951D55FF5D}.Debug|x86.ActiveCfg = Debug|Any CPU
		{7710FEDF-EC1D-48B8-A50D-11951D55FF5D}.Debug|x86.Build.0 = Debug|Any CPU
		{7710FEDF-EC1D-48B8-A50D-11951D55FF5D}.DefaultBuild|Any CPU.ActiveCfg = Debug|Any CPU
		{7710FEDF-EC1D-48B8-A50D-11951D55FF5D}.DefaultBuild|Any CPU.Build.0 = Debug|Any CPU
		{7710FEDF-EC1D-48B8-A50D-11951D55FF5D}.DefaultBuild|iPhone.ActiveCfg = Debug|Any CPU
		{7710FEDF-EC1D-48B8-A50D-11951D55FF5D}.DefaultBuild|iPhone.Build.0 = Debug|Any CPU
		{7710FEDF-EC1D-48B8-A50D-11951D55FF5D}.DefaultBuild|iPhoneSimulator.ActiveCfg = Debug|Any CPU
		{7710FEDF-EC1D-48B8-A50D-11951D55FF5D}.DefaultBuild|iPhoneSimulator.Build.0 = Debug|Any CPU
		{7710FEDF-EC1D-48B8-A50D-11951D55FF5D}.DefaultBuild|x86.ActiveCfg = Debug|Any CPU
		{7710FEDF-EC1D-48B8-A50D-11951D55FF5D}.DefaultBuild|x86.Build.0 = Debug|Any CPU
		{7710FEDF-EC1D-48B8-A50D-11951D55FF5D}.Release|Any CPU.ActiveCfg = Release|Any CPU
		{7710FEDF-EC1D-48B8-A50D-11951D55FF5D}.Release|Any CPU.Build.0 = Release|Any CPU
		{7710FEDF-EC1D-48B8-A50D-11951D55FF5D}.Release|iPhone.ActiveCfg = Release|Any CPU
		{7710FEDF-EC1D-48B8-A50D-11951D55FF5D}.Release|iPhone.Build.0 = Release|Any CPU
		{7710FEDF-EC1D-48B8-A50D-11951D55FF5D}.Release|iPhoneSimulator.ActiveCfg = Release|Any CPU
		{7710FEDF-EC1D-48B8-A50D-11951D55FF5D}.Release|iPhoneSimulator.Build.0 = Release|Any CPU
		{7710FEDF-EC1D-48B8-A50D-11951D55FF5D}.Release|x86.ActiveCfg = Release|Any CPU
		{7710FEDF-EC1D-48B8-A50D-11951D55FF5D}.Release|x86.Build.0 = Release|Any CPU
		{0BFF9F23-7354-41C0-AB69-17C1107EEA0C}.All|Any CPU.ActiveCfg = Debug|x86
		{0BFF9F23-7354-41C0-AB69-17C1107EEA0C}.All|Any CPU.Build.0 = Debug|x86
		{0BFF9F23-7354-41C0-AB69-17C1107EEA0C}.All|iPhone.ActiveCfg = Release|x86
		{0BFF9F23-7354-41C0-AB69-17C1107EEA0C}.All|iPhone.Build.0 = Release|x86
		{0BFF9F23-7354-41C0-AB69-17C1107EEA0C}.All|iPhoneSimulator.ActiveCfg = Release|x86
		{0BFF9F23-7354-41C0-AB69-17C1107EEA0C}.All|iPhoneSimulator.Build.0 = Release|x86
		{0BFF9F23-7354-41C0-AB69-17C1107EEA0C}.All|x86.ActiveCfg = Debug|x86
		{0BFF9F23-7354-41C0-AB69-17C1107EEA0C}.All|x86.Build.0 = Debug|x86
		{0BFF9F23-7354-41C0-AB69-17C1107EEA0C}.Debug|Any CPU.ActiveCfg = Debug|x86
		{0BFF9F23-7354-41C0-AB69-17C1107EEA0C}.Debug|iPhone.ActiveCfg = Debug|x86
		{0BFF9F23-7354-41C0-AB69-17C1107EEA0C}.Debug|iPhoneSimulator.ActiveCfg = Debug|x86
		{0BFF9F23-7354-41C0-AB69-17C1107EEA0C}.Debug|x86.ActiveCfg = Debug|x86
		{0BFF9F23-7354-41C0-AB69-17C1107EEA0C}.Debug|x86.Build.0 = Debug|x86
		{0BFF9F23-7354-41C0-AB69-17C1107EEA0C}.DefaultBuild|Any CPU.ActiveCfg = Debug|x86
		{0BFF9F23-7354-41C0-AB69-17C1107EEA0C}.DefaultBuild|Any CPU.Build.0 = Debug|x86
		{0BFF9F23-7354-41C0-AB69-17C1107EEA0C}.DefaultBuild|iPhone.ActiveCfg = Release|x86
		{0BFF9F23-7354-41C0-AB69-17C1107EEA0C}.DefaultBuild|iPhone.Build.0 = Release|x86
		{0BFF9F23-7354-41C0-AB69-17C1107EEA0C}.DefaultBuild|iPhoneSimulator.ActiveCfg = Release|x86
		{0BFF9F23-7354-41C0-AB69-17C1107EEA0C}.DefaultBuild|iPhoneSimulator.Build.0 = Release|x86
		{0BFF9F23-7354-41C0-AB69-17C1107EEA0C}.DefaultBuild|x86.ActiveCfg = Debug|x86
		{0BFF9F23-7354-41C0-AB69-17C1107EEA0C}.DefaultBuild|x86.Build.0 = Debug|x86
		{0BFF9F23-7354-41C0-AB69-17C1107EEA0C}.Release|Any CPU.ActiveCfg = Release|x86
		{0BFF9F23-7354-41C0-AB69-17C1107EEA0C}.Release|Any CPU.Build.0 = Release|x86
		{0BFF9F23-7354-41C0-AB69-17C1107EEA0C}.Release|iPhone.ActiveCfg = Release|x86
		{0BFF9F23-7354-41C0-AB69-17C1107EEA0C}.Release|iPhoneSimulator.ActiveCfg = Release|x86
		{0BFF9F23-7354-41C0-AB69-17C1107EEA0C}.Release|x86.ActiveCfg = Release|x86
		{0BFF9F23-7354-41C0-AB69-17C1107EEA0C}.Release|x86.Build.0 = Release|x86
		{4D53A3FA-52CF-464F-81E0-A11A94FFAE83}.All|Any CPU.ActiveCfg = Debug|x86
		{4D53A3FA-52CF-464F-81E0-A11A94FFAE83}.All|Any CPU.Build.0 = Debug|x86
		{4D53A3FA-52CF-464F-81E0-A11A94FFAE83}.All|iPhone.ActiveCfg = Release|x86
		{4D53A3FA-52CF-464F-81E0-A11A94FFAE83}.All|iPhone.Build.0 = Release|x86
		{4D53A3FA-52CF-464F-81E0-A11A94FFAE83}.All|iPhoneSimulator.ActiveCfg = Release|x86
		{4D53A3FA-52CF-464F-81E0-A11A94FFAE83}.All|iPhoneSimulator.Build.0 = Release|x86
		{4D53A3FA-52CF-464F-81E0-A11A94FFAE83}.All|x86.ActiveCfg = Debug|x86
		{4D53A3FA-52CF-464F-81E0-A11A94FFAE83}.All|x86.Build.0 = Debug|x86
		{4D53A3FA-52CF-464F-81E0-A11A94FFAE83}.Debug|Any CPU.ActiveCfg = Debug|x86
		{4D53A3FA-52CF-464F-81E0-A11A94FFAE83}.Debug|iPhone.ActiveCfg = Debug|x86
		{4D53A3FA-52CF-464F-81E0-A11A94FFAE83}.Debug|iPhoneSimulator.ActiveCfg = Debug|x86
		{4D53A3FA-52CF-464F-81E0-A11A94FFAE83}.Debug|x86.ActiveCfg = Debug|x86
		{4D53A3FA-52CF-464F-81E0-A11A94FFAE83}.Debug|x86.Build.0 = Debug|x86
		{4D53A3FA-52CF-464F-81E0-A11A94FFAE83}.DefaultBuild|Any CPU.ActiveCfg = Debug|x86
		{4D53A3FA-52CF-464F-81E0-A11A94FFAE83}.DefaultBuild|Any CPU.Build.0 = Debug|x86
		{4D53A3FA-52CF-464F-81E0-A11A94FFAE83}.DefaultBuild|iPhone.ActiveCfg = Release|x86
		{4D53A3FA-52CF-464F-81E0-A11A94FFAE83}.DefaultBuild|iPhone.Build.0 = Release|x86
		{4D53A3FA-52CF-464F-81E0-A11A94FFAE83}.DefaultBuild|iPhoneSimulator.ActiveCfg = Release|x86
		{4D53A3FA-52CF-464F-81E0-A11A94FFAE83}.DefaultBuild|iPhoneSimulator.Build.0 = Release|x86
		{4D53A3FA-52CF-464F-81E0-A11A94FFAE83}.DefaultBuild|x86.ActiveCfg = Debug|x86
		{4D53A3FA-52CF-464F-81E0-A11A94FFAE83}.DefaultBuild|x86.Build.0 = Debug|x86
		{4D53A3FA-52CF-464F-81E0-A11A94FFAE83}.Release|Any CPU.ActiveCfg = Release|x86
		{4D53A3FA-52CF-464F-81E0-A11A94FFAE83}.Release|Any CPU.Build.0 = Release|x86
		{4D53A3FA-52CF-464F-81E0-A11A94FFAE83}.Release|iPhone.ActiveCfg = Release|x86
		{4D53A3FA-52CF-464F-81E0-A11A94FFAE83}.Release|iPhoneSimulator.ActiveCfg = Release|x86
		{4D53A3FA-52CF-464F-81E0-A11A94FFAE83}.Release|x86.ActiveCfg = Release|x86
		{4D53A3FA-52CF-464F-81E0-A11A94FFAE83}.Release|x86.Build.0 = Release|x86
		{08D833C4-2323-4C8E-AEE9-CABD8FAD9242}.All|Any CPU.ActiveCfg = Debug|Any CPU
		{08D833C4-2323-4C8E-AEE9-CABD8FAD9242}.All|Any CPU.Build.0 = Debug|Any CPU
		{08D833C4-2323-4C8E-AEE9-CABD8FAD9242}.All|Any CPU.Deploy.0 = Debug|Any CPU
		{08D833C4-2323-4C8E-AEE9-CABD8FAD9242}.All|iPhone.ActiveCfg = Debug|Any CPU
		{08D833C4-2323-4C8E-AEE9-CABD8FAD9242}.All|iPhone.Build.0 = Debug|Any CPU
		{08D833C4-2323-4C8E-AEE9-CABD8FAD9242}.All|iPhone.Deploy.0 = Debug|Any CPU
		{08D833C4-2323-4C8E-AEE9-CABD8FAD9242}.All|iPhoneSimulator.ActiveCfg = Debug|Any CPU
		{08D833C4-2323-4C8E-AEE9-CABD8FAD9242}.All|iPhoneSimulator.Build.0 = Debug|Any CPU
		{08D833C4-2323-4C8E-AEE9-CABD8FAD9242}.All|iPhoneSimulator.Deploy.0 = Debug|Any CPU
		{08D833C4-2323-4C8E-AEE9-CABD8FAD9242}.All|x86.ActiveCfg = Debug|Any CPU
		{08D833C4-2323-4C8E-AEE9-CABD8FAD9242}.All|x86.Build.0 = Debug|Any CPU
		{08D833C4-2323-4C8E-AEE9-CABD8FAD9242}.All|x86.Deploy.0 = Debug|Any CPU
		{08D833C4-2323-4C8E-AEE9-CABD8FAD9242}.Debug|Any CPU.ActiveCfg = Debug|Any CPU
		{08D833C4-2323-4C8E-AEE9-CABD8FAD9242}.Debug|Any CPU.Build.0 = Debug|Any CPU
		{08D833C4-2323-4C8E-AEE9-CABD8FAD9242}.Debug|Any CPU.Deploy.0 = Debug|Any CPU
		{08D833C4-2323-4C8E-AEE9-CABD8FAD9242}.Debug|iPhone.ActiveCfg = Debug|Any CPU
		{08D833C4-2323-4C8E-AEE9-CABD8FAD9242}.Debug|iPhone.Build.0 = Debug|Any CPU
		{08D833C4-2323-4C8E-AEE9-CABD8FAD9242}.Debug|iPhone.Deploy.0 = Debug|Any CPU
		{08D833C4-2323-4C8E-AEE9-CABD8FAD9242}.Debug|iPhoneSimulator.ActiveCfg = Debug|Any CPU
		{08D833C4-2323-4C8E-AEE9-CABD8FAD9242}.Debug|iPhoneSimulator.Build.0 = Debug|Any CPU
		{08D833C4-2323-4C8E-AEE9-CABD8FAD9242}.Debug|iPhoneSimulator.Deploy.0 = Debug|Any CPU
		{08D833C4-2323-4C8E-AEE9-CABD8FAD9242}.Debug|x86.ActiveCfg = Debug|Any CPU
		{08D833C4-2323-4C8E-AEE9-CABD8FAD9242}.Debug|x86.Build.0 = Debug|Any CPU
		{08D833C4-2323-4C8E-AEE9-CABD8FAD9242}.Debug|x86.Deploy.0 = Debug|Any CPU
		{08D833C4-2323-4C8E-AEE9-CABD8FAD9242}.DefaultBuild|Any CPU.ActiveCfg = Debug|Any CPU
		{08D833C4-2323-4C8E-AEE9-CABD8FAD9242}.DefaultBuild|Any CPU.Build.0 = Debug|Any CPU
		{08D833C4-2323-4C8E-AEE9-CABD8FAD9242}.DefaultBuild|Any CPU.Deploy.0 = Debug|Any CPU
		{08D833C4-2323-4C8E-AEE9-CABD8FAD9242}.DefaultBuild|iPhone.ActiveCfg = Debug|Any CPU
		{08D833C4-2323-4C8E-AEE9-CABD8FAD9242}.DefaultBuild|iPhone.Build.0 = Debug|Any CPU
		{08D833C4-2323-4C8E-AEE9-CABD8FAD9242}.DefaultBuild|iPhone.Deploy.0 = Debug|Any CPU
		{08D833C4-2323-4C8E-AEE9-CABD8FAD9242}.DefaultBuild|iPhoneSimulator.ActiveCfg = Debug|Any CPU
		{08D833C4-2323-4C8E-AEE9-CABD8FAD9242}.DefaultBuild|iPhoneSimulator.Build.0 = Debug|Any CPU
		{08D833C4-2323-4C8E-AEE9-CABD8FAD9242}.DefaultBuild|iPhoneSimulator.Deploy.0 = Debug|Any CPU
		{08D833C4-2323-4C8E-AEE9-CABD8FAD9242}.DefaultBuild|x86.ActiveCfg = Debug|Any CPU
		{08D833C4-2323-4C8E-AEE9-CABD8FAD9242}.DefaultBuild|x86.Build.0 = Debug|Any CPU
		{08D833C4-2323-4C8E-AEE9-CABD8FAD9242}.DefaultBuild|x86.Deploy.0 = Debug|Any CPU
		{08D833C4-2323-4C8E-AEE9-CABD8FAD9242}.Release|Any CPU.ActiveCfg = Release|Any CPU
		{08D833C4-2323-4C8E-AEE9-CABD8FAD9242}.Release|Any CPU.Build.0 = Release|Any CPU
		{08D833C4-2323-4C8E-AEE9-CABD8FAD9242}.Release|Any CPU.Deploy.0 = Release|Any CPU
		{08D833C4-2323-4C8E-AEE9-CABD8FAD9242}.Release|iPhone.ActiveCfg = Release|Any CPU
		{08D833C4-2323-4C8E-AEE9-CABD8FAD9242}.Release|iPhone.Build.0 = Release|Any CPU
		{08D833C4-2323-4C8E-AEE9-CABD8FAD9242}.Release|iPhone.Deploy.0 = Release|Any CPU
		{08D833C4-2323-4C8E-AEE9-CABD8FAD9242}.Release|iPhoneSimulator.ActiveCfg = Release|Any CPU
		{08D833C4-2323-4C8E-AEE9-CABD8FAD9242}.Release|iPhoneSimulator.Build.0 = Release|Any CPU
		{08D833C4-2323-4C8E-AEE9-CABD8FAD9242}.Release|iPhoneSimulator.Deploy.0 = Release|Any CPU
		{08D833C4-2323-4C8E-AEE9-CABD8FAD9242}.Release|x86.ActiveCfg = Release|Any CPU
		{08D833C4-2323-4C8E-AEE9-CABD8FAD9242}.Release|x86.Build.0 = Release|Any CPU
		{08D833C4-2323-4C8E-AEE9-CABD8FAD9242}.Release|x86.Deploy.0 = Release|Any CPU
		{67A31C90-9840-47DE-8F03-C5632FDFD4C8}.All|Any CPU.ActiveCfg = Debug|iPhoneSimulator
		{67A31C90-9840-47DE-8F03-C5632FDFD4C8}.All|Any CPU.Build.0 = Debug|iPhoneSimulator
		{67A31C90-9840-47DE-8F03-C5632FDFD4C8}.All|iPhone.ActiveCfg = Debug|iPhone
		{67A31C90-9840-47DE-8F03-C5632FDFD4C8}.All|iPhone.Build.0 = Debug|iPhone
		{67A31C90-9840-47DE-8F03-C5632FDFD4C8}.All|iPhoneSimulator.ActiveCfg = Debug|iPhoneSimulator
		{67A31C90-9840-47DE-8F03-C5632FDFD4C8}.All|iPhoneSimulator.Build.0 = Debug|iPhoneSimulator
		{67A31C90-9840-47DE-8F03-C5632FDFD4C8}.All|x86.ActiveCfg = Debug|iPhoneSimulator
		{67A31C90-9840-47DE-8F03-C5632FDFD4C8}.All|x86.Build.0 = Debug|iPhoneSimulator
		{67A31C90-9840-47DE-8F03-C5632FDFD4C8}.Debug|Any CPU.ActiveCfg = Debug|iPhoneSimulator
		{67A31C90-9840-47DE-8F03-C5632FDFD4C8}.Debug|iPhone.ActiveCfg = Debug|iPhone
		{67A31C90-9840-47DE-8F03-C5632FDFD4C8}.Debug|iPhone.Build.0 = Debug|iPhone
		{67A31C90-9840-47DE-8F03-C5632FDFD4C8}.Debug|iPhoneSimulator.ActiveCfg = Debug|iPhoneSimulator
		{67A31C90-9840-47DE-8F03-C5632FDFD4C8}.Debug|iPhoneSimulator.Build.0 = Debug|iPhoneSimulator
		{67A31C90-9840-47DE-8F03-C5632FDFD4C8}.Debug|x86.ActiveCfg = Debug|iPhoneSimulator
		{67A31C90-9840-47DE-8F03-C5632FDFD4C8}.DefaultBuild|Any CPU.ActiveCfg = Debug|iPhoneSimulator
		{67A31C90-9840-47DE-8F03-C5632FDFD4C8}.DefaultBuild|Any CPU.Build.0 = Debug|iPhoneSimulator
		{67A31C90-9840-47DE-8F03-C5632FDFD4C8}.DefaultBuild|iPhone.ActiveCfg = Debug|iPhone
		{67A31C90-9840-47DE-8F03-C5632FDFD4C8}.DefaultBuild|iPhone.Build.0 = Debug|iPhone
		{67A31C90-9840-47DE-8F03-C5632FDFD4C8}.DefaultBuild|iPhoneSimulator.ActiveCfg = Debug|iPhoneSimulator
		{67A31C90-9840-47DE-8F03-C5632FDFD4C8}.DefaultBuild|iPhoneSimulator.Build.0 = Debug|iPhoneSimulator
		{67A31C90-9840-47DE-8F03-C5632FDFD4C8}.DefaultBuild|x86.ActiveCfg = Debug|iPhoneSimulator
		{67A31C90-9840-47DE-8F03-C5632FDFD4C8}.DefaultBuild|x86.Build.0 = Debug|iPhoneSimulator
		{67A31C90-9840-47DE-8F03-C5632FDFD4C8}.Release|Any CPU.ActiveCfg = Release|iPhoneSimulator
		{67A31C90-9840-47DE-8F03-C5632FDFD4C8}.Release|iPhone.ActiveCfg = Release|iPhone
		{67A31C90-9840-47DE-8F03-C5632FDFD4C8}.Release|iPhone.Build.0 = Release|iPhone
		{67A31C90-9840-47DE-8F03-C5632FDFD4C8}.Release|iPhoneSimulator.ActiveCfg = Release|iPhoneSimulator
		{67A31C90-9840-47DE-8F03-C5632FDFD4C8}.Release|iPhoneSimulator.Build.0 = Release|iPhoneSimulator
		{67A31C90-9840-47DE-8F03-C5632FDFD4C8}.Release|x86.ActiveCfg = Release|iPhoneSimulator
		{72AB166E-2DB2-40F3-9982-20962E062B94}.All|Any CPU.ActiveCfg = Debug|Any CPU
		{72AB166E-2DB2-40F3-9982-20962E062B94}.All|Any CPU.Build.0 = Debug|Any CPU
		{72AB166E-2DB2-40F3-9982-20962E062B94}.All|iPhone.ActiveCfg = Debug|Any CPU
		{72AB166E-2DB2-40F3-9982-20962E062B94}.All|iPhone.Build.0 = Debug|Any CPU
		{72AB166E-2DB2-40F3-9982-20962E062B94}.All|iPhoneSimulator.ActiveCfg = Debug|Any CPU
		{72AB166E-2DB2-40F3-9982-20962E062B94}.All|iPhoneSimulator.Build.0 = Debug|Any CPU
		{72AB166E-2DB2-40F3-9982-20962E062B94}.All|x86.ActiveCfg = Debug|Any CPU
		{72AB166E-2DB2-40F3-9982-20962E062B94}.All|x86.Build.0 = Debug|Any CPU
		{72AB166E-2DB2-40F3-9982-20962E062B94}.Debug|Any CPU.ActiveCfg = Debug|Any CPU
		{72AB166E-2DB2-40F3-9982-20962E062B94}.Debug|Any CPU.Build.0 = Debug|Any CPU
		{72AB166E-2DB2-40F3-9982-20962E062B94}.Debug|iPhone.ActiveCfg = Debug|Any CPU
		{72AB166E-2DB2-40F3-9982-20962E062B94}.Debug|iPhone.Build.0 = Debug|Any CPU
		{72AB166E-2DB2-40F3-9982-20962E062B94}.Debug|iPhoneSimulator.ActiveCfg = Debug|Any CPU
		{72AB166E-2DB2-40F3-9982-20962E062B94}.Debug|iPhoneSimulator.Build.0 = Debug|Any CPU
		{72AB166E-2DB2-40F3-9982-20962E062B94}.Debug|x86.ActiveCfg = Debug|Any CPU
		{72AB166E-2DB2-40F3-9982-20962E062B94}.Debug|x86.Build.0 = Debug|Any CPU
		{72AB166E-2DB2-40F3-9982-20962E062B94}.DefaultBuild|Any CPU.ActiveCfg = Debug|Any CPU
		{72AB166E-2DB2-40F3-9982-20962E062B94}.DefaultBuild|Any CPU.Build.0 = Debug|Any CPU
		{72AB166E-2DB2-40F3-9982-20962E062B94}.DefaultBuild|iPhone.ActiveCfg = Debug|Any CPU
		{72AB166E-2DB2-40F3-9982-20962E062B94}.DefaultBuild|iPhone.Build.0 = Debug|Any CPU
		{72AB166E-2DB2-40F3-9982-20962E062B94}.DefaultBuild|iPhoneSimulator.ActiveCfg = Debug|Any CPU
		{72AB166E-2DB2-40F3-9982-20962E062B94}.DefaultBuild|iPhoneSimulator.Build.0 = Debug|Any CPU
		{72AB166E-2DB2-40F3-9982-20962E062B94}.DefaultBuild|x86.ActiveCfg = Debug|Any CPU
		{72AB166E-2DB2-40F3-9982-20962E062B94}.DefaultBuild|x86.Build.0 = Debug|Any CPU
		{72AB166E-2DB2-40F3-9982-20962E062B94}.Release|Any CPU.ActiveCfg = Release|Any CPU
		{72AB166E-2DB2-40F3-9982-20962E062B94}.Release|Any CPU.Build.0 = Release|Any CPU
		{72AB166E-2DB2-40F3-9982-20962E062B94}.Release|iPhone.ActiveCfg = Release|Any CPU
		{72AB166E-2DB2-40F3-9982-20962E062B94}.Release|iPhone.Build.0 = Release|Any CPU
		{72AB166E-2DB2-40F3-9982-20962E062B94}.Release|iPhoneSimulator.ActiveCfg = Release|Any CPU
		{72AB166E-2DB2-40F3-9982-20962E062B94}.Release|iPhoneSimulator.Build.0 = Release|Any CPU
		{72AB166E-2DB2-40F3-9982-20962E062B94}.Release|x86.ActiveCfg = Release|Any CPU
		{72AB166E-2DB2-40F3-9982-20962E062B94}.Release|x86.Build.0 = Release|Any CPU
	EndGlobalSection
	GlobalSection(SolutionProperties) = preSolution
		HideSolutionNode = FALSE
	EndGlobalSection
	GlobalSection(ExtensibilityGlobals) = postSolution
		SolutionGuid = {DA6EDE95-4DA5-4059-A414-FD923AAD9607}
	EndGlobalSection
EndGlobal
