
Microsoft Visual Studio Solution File, Format Version 12.00
# Visual Studio Version 16
VisualStudioVersion = 16.0.32126.315
MinimumVisualStudioVersion = 10.0.40219.1
Project("{9A19103F-16F7-4668-BE54-9A1E7A4F7556}") = "BecomeSifu", "BecomeSifu.csproj", "{7710FEDF-EC1D-48B8-A50D-11951D55FF5D}"
EndProject
Project("{930C7802-8A8C-48F9-8165-68863BCCD9DD}") = "BecomeSIfuSetup", "BecomeSifuSetup\BecomeSIfuSetup.wixproj", "{1E540D62-EEEC-4A7F-8A7B-4073A148C592}"
EndProject
Project("{930C7802-8A8C-48F9-8165-68863BCCD9DD}") = "BecomeSifuInstall", "BecomeSifuInstall\BecomeSifuInstall.wixproj", "{427C81E0-1DAC-4DFF-92FF-84265846337C}"
EndProject
Global
	GlobalSection(SolutionConfigurationPlatforms) = preSolution
		All|Any CPU = All|Any CPU
		All|iPhone = All|iPhone
		All|iPhoneSimulator = All|iPhoneSimulator
		All|x86 = All|x86
		Debug|Any CPU = Debug|Any CPU
		Debug|iPhone = Debug|iPhone
		Debug|iPhoneSimulator = Debug|iPhoneSimulator
		Debug|x86 = Debug|x86
		DefaultBuild|Any CPU = DefaultBuild|Any CPU
		DefaultBuild|iPhone = DefaultBuild|iPhone
		DefaultBuild|iPhoneSimulator = DefaultBuild|iPhoneSimulator
		DefaultBuild|x86 = DefaultBuild|x86
		Release|Any CPU = Release|Any CPU
		Release|iPhone = Release|iPhone
		Release|iPhoneSimulator = Release|iPhoneSimulator
		Release|x86 = Release|x86
	EndGlobalSection
	GlobalSection(ProjectConfigurationPlatforms) = postSolution
		{7710FEDF-EC1D-48B8-A50D-11951D55FF5D}.All|Any CPU.ActiveCfg = Release|Any CPU
		{7710FEDF-EC1D-48B8-A50D-11951D55FF5D}.All|Any CPU.Build.0 = Release|Any CPU
		{7710FEDF-EC1D-48B8-A50D-11951D55FF5D}.All|iPhone.ActiveCfg = Debug|Any CPU
		{7710FEDF-EC1D-48B8-A50D-11951D55FF5D}.All|iPhone.Build.0 = Debug|Any CPU
		{7710FEDF-EC1D-48B8-A50D-11951D55FF5D}.All|iPhoneSimulator.ActiveCfg = Debug|Any CPU
		{7710FEDF-EC1D-48B8-A50D-11951D55FF5D}.All|iPhoneSimulator.Build.0 = Debug|Any CPU
		{7710FEDF-EC1D-48B8-A50D-11951D55FF5D}.All|x86.ActiveCfg = Debug|Any CPU
		{7710FEDF-EC1D-48B8-A50D-11951D55FF5D}.All|x86.Build.0 = Debug|Any CPU
		{7710FEDF-EC1D-48B8-A50D-11951D55FF5D}.Debug|Any CPU.ActiveCfg = Debug|Any CPU
		{7710FEDF-EC1D-48B8-A50D-11951D55FF5D}.Debug|Any CPU.Build.0 = Debug|Any CPU
		{7710FEDF-EC1D-48B8-A50D-11951D55FF5D}.Debug|iPhone.ActiveCfg = Debug|Any CPU
		{7710FEDF-EC1D-48B8-A50D-11951D55FF5D}.Debug|iPhone.Build.0 = Debug|Any CPU
		{7710FEDF-EC1D-48B8-A50D-11951D55FF5D}.Debug|iPhoneSimulator.ActiveCfg = Debug|Any CPU
		{7710FEDF-EC1D-48B8-A50D-11951D55FF5D}.Debug|iPhoneSimulator.Build.0 = Debug|Any CPU
		{7710FEDF-EC1D-48B8-A50D-11951D55FF5D}.Debug|x86.ActiveCfg = Debug|Any CPU
		{7710FEDF-EC1D-48B8-A50D-11951D55FF5D}.Debug|x86.Build.0 = Debug|Any CPU
		{7710FEDF-EC1D-48B8-A50D-11951D55FF5D}.DefaultBuild|Any CPU.ActiveCfg = Debug|Any CPU
		{7710FEDF-EC1D-48B8-A50D-11951D55FF5D}.DefaultBuild|Any CPU.Build.0 = Debug|Any CPU
		{7710FEDF-EC1D-48B8-A50D-11951D55FF5D}.DefaultBuild|iPhone.ActiveCfg = Debug|Any CPU
		{7710FEDF-EC1D-48B8-A50D-11951D55FF5D}.DefaultBuild|iPhone.Build.0 = Debug|Any CPU
		{7710FEDF-EC1D-48B8-A50D-11951D55FF5D}.DefaultBuild|iPhoneSimulator.ActiveCfg = Debug|Any CPU
		{7710FEDF-EC1D-48B8-A50D-11951D55FF5D}.DefaultBuild|iPhoneSimulator.Build.0 = Debug|Any CPU
		{7710FEDF-EC1D-48B8-A50D-11951D55FF5D}.DefaultBuild|x86.ActiveCfg = Debug|Any CPU
		{7710FEDF-EC1D-48B8-A50D-11951D55FF5D}.DefaultBuild|x86.Build.0 = Debug|Any CPU
		{7710FEDF-EC1D-48B8-A50D-11951D55FF5D}.Release|Any CPU.ActiveCfg = Release|Any CPU
		{7710FEDF-EC1D-48B8-A50D-11951D55FF5D}.Release|Any CPU.Build.0 = Release|Any CPU
		{7710FEDF-EC1D-48B8-A50D-11951D55FF5D}.Release|iPhone.ActiveCfg = Release|Any CPU
		{7710FEDF-EC1D-48B8-A50D-11951D55FF5D}.Release|iPhone.Build.0 = Release|Any CPU
		{7710FEDF-EC1D-48B8-A50D-11951D55FF5D}.Release|iPhoneSimulator.ActiveCfg = Release|Any CPU
		{7710FEDF-EC1D-48B8-A50D-11951D55FF5D}.Release|iPhoneSimulator.Build.0 = Release|Any CPU
		{7710FEDF-EC1D-48B8-A50D-11951D55FF5D}.Release|x86.ActiveCfg = Release|Any CPU
		{7710FEDF-EC1D-48B8-A50D-11951D55FF5D}.Release|x86.Build.0 = Release|Any CPU
		{1E540D62-EEEC-4A7F-8A7B-4073A148C592}.All|Any CPU.ActiveCfg = Debug|x86
		{1E540D62-EEEC-4A7F-8A7B-4073A148C592}.All|Any CPU.Build.0 = Debug|x86
		{1E540D62-EEEC-4A7F-8A7B-4073A148C592}.All|iPhone.ActiveCfg = Debug|x86
		{1E540D62-EEEC-4A7F-8A7B-4073A148C592}.All|iPhone.Build.0 = Debug|x86
		{1E540D62-EEEC-4A7F-8A7B-4073A148C592}.All|iPhoneSimulator.ActiveCfg = Debug|x86
		{1E540D62-EEEC-4A7F-8A7B-4073A148C592}.All|iPhoneSimulator.Build.0 = Debug|x86
		{1E540D62-EEEC-4A7F-8A7B-4073A148C592}.All|x86.ActiveCfg = Debug|x86
		{1E540D62-EEEC-4A7F-8A7B-4073A148C592}.All|x86.Build.0 = Debug|x86
		{1E540D62-EEEC-4A7F-8A7B-4073A148C592}.Debug|Any CPU.ActiveCfg = Debug|x86
		{1E540D62-EEEC-4A7F-8A7B-4073A148C592}.Debug|iPhone.ActiveCfg = Debug|x86
		{1E540D62-EEEC-4A7F-8A7B-4073A148C592}.Debug|iPhoneSimulator.ActiveCfg = Debug|x86
		{1E540D62-EEEC-4A7F-8A7B-4073A148C592}.Debug|x86.ActiveCfg = Debug|x86
		{1E540D62-EEEC-4A7F-8A7B-4073A148C592}.Debug|x86.Build.0 = Debug|x86
		{1E540D62-EEEC-4A7F-8A7B-4073A148C592}.DefaultBuild|Any CPU.ActiveCfg = Debug|x86
		{1E540D62-EEEC-4A7F-8A7B-4073A148C592}.DefaultBuild|Any CPU.Build.0 = Debug|x86
		{1E540D62-EEEC-4A7F-8A7B-4073A148C592}.DefaultBuild|iPhone.ActiveCfg = Debug|x86
		{1E540D62-EEEC-4A7F-8A7B-4073A148C592}.DefaultBuild|iPhone.Build.0 = Debug|x86
		{1E540D62-EEEC-4A7F-8A7B-4073A148C592}.DefaultBuild|iPhoneSimulator.ActiveCfg = Debug|x86
		{1E540D62-EEEC-4A7F-8A7B-4073A148C592}.DefaultBuild|iPhoneSimulator.Build.0 = Debug|x86
		{1E540D62-EEEC-4A7F-8A7B-4073A148C592}.DefaultBuild|x86.ActiveCfg = Debug|x86
		{1E540D62-EEEC-4A7F-8A7B-4073A148C592}.DefaultBuild|x86.Build.0 = Debug|x86
		{1E540D62-EEEC-4A7F-8A7B-4073A148C592}.Release|Any CPU.ActiveCfg = Release|x86
		{1E540D62-EEEC-4A7F-8A7B-4073A148C592}.Release|Any CPU.Build.0 = Release|x86
		{1E540D62-EEEC-4A7F-8A7B-4073A148C592}.Release|iPhone.ActiveCfg = Release|x86
		{1E540D62-EEEC-4A7F-8A7B-4073A148C592}.Release|iPhoneSimulator.ActiveCfg = Release|x86
		{1E540D62-EEEC-4A7F-8A7B-4073A148C592}.Release|x86.ActiveCfg = Release|x86
		{1E540D62-EEEC-4A7F-8A7B-4073A148C592}.Release|x86.Build.0 = Release|x86
		{427C81E0-1DAC-4DFF-92FF-84265846337C}.All|Any CPU.ActiveCfg = Debug|x86
		{427C81E0-1DAC-4DFF-92FF-84265846337C}.All|Any CPU.Build.0 = Debug|x86
		{427C81E0-1DAC-4DFF-92FF-84265846337C}.All|iPhone.ActiveCfg = Debug|x86
		{427C81E0-1DAC-4DFF-92FF-84265846337C}.All|iPhone.Build.0 = Debug|x86
		{427C81E0-1DAC-4DFF-92FF-84265846337C}.All|iPhoneSimulator.ActiveCfg = Debug|x86
		{427C81E0-1DAC-4DFF-92FF-84265846337C}.All|iPhoneSimulator.Build.0 = Debug|x86
		{427C81E0-1DAC-4DFF-92FF-84265846337C}.All|x86.ActiveCfg = Debug|x86
		{427C81E0-1DAC-4DFF-92FF-84265846337C}.All|x86.Build.0 = Debug|x86
		{427C81E0-1DAC-4DFF-92FF-84265846337C}.Debug|Any CPU.ActiveCfg = Debug|x86
		{427C81E0-1DAC-4DFF-92FF-84265846337C}.Debug|iPhone.ActiveCfg = Debug|x86
		{427C81E0-1DAC-4DFF-92FF-84265846337C}.Debug|iPhoneSimulator.ActiveCfg = Debug|x86
		{427C81E0-1DAC-4DFF-92FF-84265846337C}.Debug|x86.ActiveCfg = Debug|x86
		{427C81E0-1DAC-4DFF-92FF-84265846337C}.Debug|x86.Build.0 = Debug|x86
		{427C81E0-1DAC-4DFF-92FF-84265846337C}.DefaultBuild|Any CPU.ActiveCfg = Debug|x86
		{427C81E0-1DAC-4DFF-92FF-84265846337C}.DefaultBuild|Any CPU.Build.0 = Debug|x86
		{427C81E0-1DAC-4DFF-92FF-84265846337C}.DefaultBuild|iPhone.ActiveCfg = Debug|x86
		{427C81E0-1DAC-4DFF-92FF-84265846337C}.DefaultBuild|iPhone.Build.0 = Debug|x86
		{427C81E0-1DAC-4DFF-92FF-84265846337C}.DefaultBuild|iPhoneSimulator.ActiveCfg = Debug|x86
		{427C81E0-1DAC-4DFF-92FF-84265846337C}.DefaultBuild|iPhoneSimulator.Build.0 = Debug|x86
		{427C81E0-1DAC-4DFF-92FF-84265846337C}.DefaultBuild|x86.ActiveCfg = Debug|x86
		{427C81E0-1DAC-4DFF-92FF-84265846337C}.DefaultBuild|x86.Build.0 = Debug|x86
		{427C81E0-1DAC-4DFF-92FF-84265846337C}.Release|Any CPU.ActiveCfg = Release|x86
		{427C81E0-1DAC-4DFF-92FF-84265846337C}.Release|Any CPU.Build.0 = Release|x86
		{427C81E0-1DAC-4DFF-92FF-84265846337C}.Release|iPhone.ActiveCfg = Release|x86
		{427C81E0-1DAC-4DFF-92FF-84265846337C}.Release|iPhoneSimulator.ActiveCfg = Release|x86
		{427C81E0-1DAC-4DFF-92FF-84265846337C}.Release|x86.ActiveCfg = Release|x86
		{427C81E0-1DAC-4DFF-92FF-84265846337C}.Release|x86.Build.0 = Release|x86
	EndGlobalSection
	GlobalSection(SolutionProperties) = preSolution
		HideSolutionNode = FALSE
	EndGlobalSection
	GlobalSection(ExtensibilityGlobals) = postSolution
		SolutionGuid = {DA6EDE95-4DA5-4059-A414-FD923AAD9607}
	EndGlobalSection
EndGlobal
